
Microsoft Visual Studio Solution File, Format Version 12.00
# Visual Studio Version 17
VisualStudioVersion = 17.14.36623.8 d17.14
MinimumVisualStudioVersion = 10.0.40219.1
Project("{FAE04EC0-301F-11D3-BF4B-00C04F79EFBC}") = "F25W9DbFirstApproach", "F25W9DbFirstApproach\F25W9DbFirstApproach.csproj", "{D4D18AB9-785D-46FC-9605-0A9D5354674B}"
EndProject
Global
	GlobalSection(SolutionConfigurationPlatforms) = preSolution
		Debug|Any CPU = Debug|Any CPU
		Release|Any CPU = Release|Any CPU
	EndGlobalSection
	GlobalSection(ProjectConfigurationPlatforms) = postSolution
		{D4D18AB9-785D-46FC-9605-0A9D5354674B}.Debug|Any CPU.ActiveCfg = Debug|Any CPU
		{D4D18AB9-785D-46FC-9605-0A9D5354674B}.Debug|Any CPU.Build.0 = Debug|Any CPU
		{D4D18AB9-785D-46FC-9605-0A9D5354674B}.Release|Any CPU.ActiveCfg = Release|Any CPU
		{D4D18AB9-785D-46FC-9605-0A9D5354674B}.Release|Any CPU.Build.0 = Release|Any CPU
	EndGlobalSection
	GlobalSection(SolutionProperties) = preSolution
		HideSolutionNode = FALSE
	EndGlobalSection
	GlobalSection(ExtensibilityGlobals) = postSolution
		SolutionGuid = {14132DAE-E4FF-4E11-B277-A87CE328447E}
	EndGlobalSection
EndGlobal
